Microsoft Visual Studio Solution File, Format Version 12.00
# Visual Studio Version 17
VisualStudioVersion = 17.5.33627.172
MinimumVisualStudioVersion = 10.0.40219.1
Project("{9A19103F-16F7-4668-BE54-9A1E7A4F7556}") = "Database", "Database\Database.csproj", "{B13B95A5-283C-4E5C-AC71-71CB28A38E64}"
EndProject
Project("{2150E333-8FDC-42A3-9474-1A3956D46DE8}") = "libs", "libs", "{247C190F-404F-4013-812E-C3AEF83E9077}"
EndProject
Project("{2150E333-8FDC-42A3-9474-1A3956D46DE8}") = "apps", "apps", "{3C574B8C-4BAB-4644-9CEE-86B11F4C5852}"
EndProject
Project("{2150E333-8FDC-42A3-9474-1A3956D46DE8}") = "tests", "tests", "{36E9C0B9-D460-4A20-B59F-AB95C6AF6901}"
EndProject
Project("{9A19103F-16F7-4668-BE54-9A1E7A4F7556}") = "DBManagerTest", "DBManagerTest\DBManagerTest.csproj", "{065F3A1D-F277-4FCB-ACA7-0157EF73F3E5}"
EndProject
Project("{9A19103F-16F7-4668-BE54-9A1E7A4F7556}") = "MauiAppManager", "MauiAppManager\MauiAppManager.csproj", "{F07F42D0-15CA-4338-B820-0326DE3CEC62}"
EndProject
Project("{9A19103F-16F7-4668-BE54-9A1E7A4F7556}") = "ORM", "ORM\ORM.csproj", "{C1A0A6A3-15FF-40D2-A236-725DFDA850F1}"
EndProject
Global
	GlobalSection(SolutionConfigurationPlatforms) = preSolution
		Debug|Any CPU = Debug|Any CPU
		Release|Any CPU = Release|Any CPU
	EndGlobalSection
	GlobalSection(ProjectConfigurationPlatforms) = postSolution
		{B13B95A5-283C-4E5C-AC71-71CB28A38E64}.Debug|Any CPU.ActiveCfg = Debug|Any CPU
		{B13B95A5-283C-4E5C-AC71-71CB28A38E64}.Debug|Any CPU.Build.0 = Debug|Any CPU
		{B13B95A5-283C-4E5C-AC71-71CB28A38E64}.Release|Any CPU.ActiveCfg = Release|Any CPU
		{B13B95A5-283C-4E5C-AC71-71CB28A38E64}.Release|Any CPU.Build.0 = Release|Any CPU
		{065F3A1D-F277-4FCB-ACA7-0157EF73F3E5}.Debug|Any CPU.ActiveCfg = Debug|Any CPU
		{065F3A1D-F277-4FCB-ACA7-0157EF73F3E5}.Debug|Any CPU.Build.0 = Debug|Any CPU
		{065F3A1D-F277-4FCB-ACA7-0157EF73F3E5}.Release|Any CPU.ActiveCfg = Release|Any CPU
		{065F3A1D-F277-4FCB-ACA7-0157EF73F3E5}.Release|Any CPU.Build.0 = Release|Any CPU
		{F07F42D0-15CA-4338-B820-0326DE3CEC62}.Debug|Any CPU.ActiveCfg = Debug|Any CPU
		{F07F42D0-15CA-4338-B820-0326DE3CEC62}.Debug|Any CPU.Build.0 = Debug|Any CPU
		{F07F42D0-15CA-4338-B820-0326DE3CEC62}.Debug|Any CPU.Deploy.0 = Debug|Any CPU
		{F07F42D0-15CA-4338-B820-0326DE3CEC62}.Release|Any CPU.ActiveCfg = Release|Any CPU
		{F07F42D0-15CA-4338-B820-0326DE3CEC62}.Release|Any CPU.Build.0 = Release|Any CPU
		{F07F42D0-15CA-4338-B820-0326DE3CEC62}.Release|Any CPU.Deploy.0 = Release|Any CPU
		{C1A0A6A3-15FF-40D2-A236-725DFDA850F1}.Debug|Any CPU.ActiveCfg = Debug|Any CPU
		{C1A0A6A3-15FF-40D2-A236-725DFDA850F1}.Debug|Any CPU.Build.0 = Debug|Any CPU
		{C1A0A6A3-15FF-40D2-A236-725DFDA850F1}.Release|Any CPU.ActiveCfg = Release|Any CPU
		{C1A0A6A3-15FF-40D2-A236-725DFDA850F1}.Release|Any CPU.Build.0 = Release|Any CPU
	EndGlobalSection
	GlobalSection(SolutionProperties) = preSolution
		HideSolutionNode = FALSE
	EndGlobalSection
	GlobalSection(NestedProjects) = preSolution
		{B13B95A5-283C-4E5C-AC71-71CB28A38E64} = {247C190F-404F-4013-812E-C3AEF83E9077}
		{065F3A1D-F277-4FCB-ACA7-0157EF73F3E5} = {36E9C0B9-D460-4A20-B59F-AB95C6AF6901}
		{F07F42D0-15CA-4338-B820-0326DE3CEC62} = {3C574B8C-4BAB-4644-9CEE-86B11F4C5852}
		{C1A0A6A3-15FF-40D2-A236-725DFDA850F1} = {247C190F-404F-4013-812E-C3AEF83E9077}
	EndGlobalSection
	GlobalSection(ExtensibilityGlobals) = postSolution
		SolutionGuid = {3B139611-0EA8-401C-9390-A349338E6C08}
	EndGlobalSection
EndGlobal
