Microsoft Visual Studio Solution File, Format Version 12.00
# Visual Studio Version 17
VisualStudioVersion = 17.0.31611.283
MinimumVisualStudioVersion = 10.0.40219.1
Project("{9A19103F-16F7-4668-BE54-9A1E7A4F7556}") = "LibraryManagement", "LibraryManagement\LibraryManagement.csproj", "{76E7613F-8649-4D8D-9B2F-96E30175C165}"
EndProject
Project("{2150E333-8FDC-42A3-9474-1A3956D46DE8}") = "apps", "apps", "{26AF48C2-5A6C-4A0D-ABE5-96E11E96FDDF}"
EndProject
Project("{2150E333-8FDC-42A3-9474-1A3956D46DE8}") = "libs", "libs", "{7EA22E85-668E-4CF5-BFD0-851CE8AEAAF6}"
EndProject
Project("{2150E333-8FDC-42A3-9474-1A3956D46DE8}") = "tests", "tests", "{EDFFF38F-BA47-4E92-93B2-8ABCD0D95E4C}"
EndProject
Project("{FAE04EC0-301F-11D3-BF4B-00C04F79EFBC}") = "database", "database\database.csproj", "{1C8FD7EE-72AC-49A8-8351-BD945CCA2092}"
EndProject
Project("{FAE04EC0-301F-11D3-BF4B-00C04F79EFBC}") = "ORM", "ORM\ORM.csproj", "{50C16098-B1F2-45C4-9ADF-0CDB10A75071}"
EndProject
Global
	GlobalSection(SolutionConfigurationPlatforms) = preSolution
		Debug|Any CPU = Debug|Any CPU
		Release|Any CPU = Release|Any CPU
	EndGlobalSection
	GlobalSection(ProjectConfigurationPlatforms) = postSolution
		{76E7613F-8649-4D8D-9B2F-96E30175C165}.Debug|Any CPU.ActiveCfg = Debug|Any CPU
		{76E7613F-8649-4D8D-9B2F-96E30175C165}.Debug|Any CPU.Build.0 = Debug|Any CPU
		{76E7613F-8649-4D8D-9B2F-96E30175C165}.Debug|Any CPU.Deploy.0 = Debug|Any CPU
		{76E7613F-8649-4D8D-9B2F-96E30175C165}.Release|Any CPU.ActiveCfg = Release|Any CPU
		{76E7613F-8649-4D8D-9B2F-96E30175C165}.Release|Any CPU.Build.0 = Release|Any CPU
		{76E7613F-8649-4D8D-9B2F-96E30175C165}.Release|Any CPU.Deploy.0 = Release|Any CPU
		{1C8FD7EE-72AC-49A8-8351-BD945CCA2092}.Debug|Any CPU.ActiveCfg = Debug|Any CPU
		{1C8FD7EE-72AC-49A8-8351-BD945CCA2092}.Debug|Any CPU.Build.0 = Debug|Any CPU
		{1C8FD7EE-72AC-49A8-8351-BD945CCA2092}.Release|Any CPU.ActiveCfg = Release|Any CPU
		{1C8FD7EE-72AC-49A8-8351-BD945CCA2092}.Release|Any CPU.Build.0 = Release|Any CPU
		{50C16098-B1F2-45C4-9ADF-0CDB10A75071}.Debug|Any CPU.ActiveCfg = Debug|Any CPU
		{50C16098-B1F2-45C4-9ADF-0CDB10A75071}.Debug|Any CPU.Build.0 = Debug|Any CPU
		{50C16098-B1F2-45C4-9ADF-0CDB10A75071}.Release|Any CPU.ActiveCfg = Release|Any CPU
		{50C16098-B1F2-45C4-9ADF-0CDB10A75071}.Release|Any CPU.Build.0 = Release|Any CPU
	EndGlobalSection
	GlobalSection(SolutionProperties) = preSolution
		HideSolutionNode = FALSE
	EndGlobalSection
	GlobalSection(NestedProjects) = preSolution
		{76E7613F-8649-4D8D-9B2F-96E30175C165} = {26AF48C2-5A6C-4A0D-ABE5-96E11E96FDDF}
		{1C8FD7EE-72AC-49A8-8351-BD945CCA2092} = {7EA22E85-668E-4CF5-BFD0-851CE8AEAAF6}
		{50C16098-B1F2-45C4-9ADF-0CDB10A75071} = {7EA22E85-668E-4CF5-BFD0-851CE8AEAAF6}
	EndGlobalSection
	GlobalSection(ExtensibilityGlobals) = postSolution
		        SolutionGuid = {61F7FB11-1E47-470C-91E2-47F8143E1572}
		SolutionGuid = {3FBF7CA3-7A4F-43E2-A60A-E9A86EDD1012}
	EndGlobalSection
EndGlobal
